
Microsoft Visual Studio Solution File, Format Version 12.00
# Visual Studio Version 17
VisualStudioVersion = 17.2.32616.157
MinimumVisualStudioVersion = 10.0.40219.1
Project("{9A19103F-16F7-4668-BE54-9A1E7A4F7556}") = "BookStoreWeb", "BookStoreWeb\BookStoreWeb.csproj", "{11F95014-0655-4DE6-8819-FF9082D96EBC}"
EndProject
Project("{FAE04EC0-301F-11D3-BF4B-00C04F79EFBC}") = "BookStore.Models", "BookStore.Models\BookStore.Models.csproj", "{84CB4412-DD90-4922-AA80-9469B3E3F5FE}"
EndProject
Project("{FAE04EC0-301F-11D3-BF4B-00C04F79EFBC}") = "BookStore.DataAccess", "BookStore.DataAccess\BookStore.DataAccess.csproj", "{A9383CC1-C1AD-4813-8CC0-C168A078477F}"
EndProject
Project("{FAE04EC0-301F-11D3-BF4B-00C04F79EFBC}") = "BookStore.Utility", "BookStore.Utility\BookStore.Utility.csproj", "{4649155A-B910-4FF7-80B2-057C8FD9CA83}"
EndProject
Global
	GlobalSection(SolutionConfigurationPlatforms) = preSolution
		Debug|Any CPU = Debug|Any CPU
		Release|Any CPU = Release|Any CPU
	EndGlobalSection
	GlobalSection(ProjectConfigurationPlatforms) = postSolution
		{11F95014-0655-4DE6-8819-FF9082D96EBC}.Debug|Any CPU.ActiveCfg = Debug|Any CPU
		{11F95014-0655-4DE6-8819-FF9082D96EBC}.Debug|Any CPU.Build.0 = Debug|Any CPU
		{11F95014-0655-4DE6-8819-FF9082D96EBC}.Release|Any CPU.ActiveCfg = Release|Any CPU
		{11F95014-0655-4DE6-8819-FF9082D96EBC}.Release|Any CPU.Build.0 = Release|Any CPU
		{84CB4412-DD90-4922-AA80-9469B3E3F5FE}.Debug|Any CPU.ActiveCfg = Debug|Any CPU
		{84CB4412-DD90-4922-AA80-9469B3E3F5FE}.Debug|Any CPU.Build.0 = Debug|Any CPU
		{84CB4412-DD90-4922-AA80-9469B3E3F5FE}.Release|Any CPU.ActiveCfg = Release|Any CPU
		{84CB4412-DD90-4922-AA80-9469B3E3F5FE}.Release|Any CPU.Build.0 = Release|Any CPU
		{A9383CC1-C1AD-4813-8CC0-C168A078477F}.Debug|Any CPU.ActiveCfg = Debug|Any CPU
		{A9383CC1-C1AD-4813-8CC0-C168A078477F}.Debug|Any CPU.Build.0 = Debug|Any CPU
		{A9383CC1-C1AD-4813-8CC0-C168A078477F}.Release|Any CPU.ActiveCfg = Release|Any CPU
		{A9383CC1-C1AD-4813-8CC0-C168A078477F}.Release|Any CPU.Build.0 = Release|Any CPU
		{4649155A-B910-4FF7-80B2-057C8FD9CA83}.Debug|Any CPU.ActiveCfg = Debug|Any CPU
		{4649155A-B910-4FF7-80B2-057C8FD9CA83}.Debug|Any CPU.Build.0 = Debug|Any CPU
		{4649155A-B910-4FF7-80B2-057C8FD9CA83}.Release|Any CPU.ActiveCfg = Release|Any CPU
		{4649155A-B910-4FF7-80B2-057C8FD9CA83}.Release|Any CPU.Build.0 = Release|Any CPU
	EndGlobalSection
	GlobalSection(SolutionProperties) = preSolution
		HideSolutionNode = FALSE
	EndGlobalSection
	GlobalSection(ExtensibilityGlobals) = postSolution
		SolutionGuid = {F7ED712D-5669-4EB0-8DA5-7169F7E6C01D}
	EndGlobalSection
EndGlobal
